{
  "version": "5",
  "specifiers": {
    "npm:@jsr/asla__hofetch@^0.0.2": "0.0.2",
    "npm:@jsr/asla__pg@~0.2.4": "0.2.4",
    "npm:@jsr/asla__yoursql@~0.13.1": "0.13.1",
    "npm:@jsr/ijia__school-db@^0.0.4": "0.0.4",
    "npm:@playwright/test@^1.55.0": "1.60.0"
  },
  "npm": {
    "@jsr/asla__hofetch@0.0.2": {
      "integrity": "sha512-yRoxwEcywT1A0tYB5JiSWqc4Y1c5EsIZoiDMS6fy8HsobQOegN+OmRuHAcXmFSvRF1aF5VKr74xpkk2O3CLIOA==",
      "tarball": "https://npm.jsr.io/~/11/@jsr/asla__hofetch/0.0.2.tgz"
    },
    "@jsr/asla__pg@0.2.4": {
      "integrity": "sha512-cIh9yGe99KN63YX33ltZ0Xpg2I2RGMRtGt3QcqZbhT0q22n9CrL/XE83XxPqDm8r0mp9wcDCyCEJazjULkQNgg==",
      "dependencies": [
        "@types/pg",
        "@types/pg-cursor",
        "pg",
        "pg-cursor"
      ],
      "tarball": "https://npm.jsr.io/~/11/@jsr/asla__pg/0.2.4.tgz"
    },
    "@jsr/asla__yoursql@0.13.1": {
      "integrity": "sha512-dU17a2fc5LDua6Ke+gmjCYJnQeoPk+Rphm0eGJu+d+baaFyVDS4JWWJBd9z4lQqrJ7DnZkJCaxkAfmhGVbl/IQ==",
      "tarball": "https://npm.jsr.io/~/11/@jsr/asla__yoursql/0.13.1.tgz"
    },
    "@jsr/asla__yoursql@0.14.0": {
      "integrity": "sha512-0ZmJ3gZQCNG1/2ULU1rpIaSMDlIZrON0UTdYTV6hRVqfg/E1wU7dHTdHsg/M5cSVwCGOMbEksNHoDR4VSJ6Vrg==",
      "tarball": "https://npm.jsr.io/~/11/@jsr/asla__yoursql/0.14.0.tgz"
    },
    "@jsr/ijia__school-db@0.0.4": {
      "integrity": "sha512-LHt/r7XPdyG/nMKqvGRxwl9VML90xwfj3fUxPvkGNZMckfCWvxgFEN3kzuqHnNEYeA5JbmLRUPx8Q1EAmMUQNA==",
      "dependencies": [
        "@jsr/asla__pg",
        "@jsr/asla__yoursql@0.14.0"
      ],
      "tarball": "https://npm.jsr.io/~/11/@jsr/ijia__school-db/0.0.4.tgz"
    },
    "@playwright/test@1.60.0": {
      "integrity": "sha512-O71yZIbAh/PxDMNGns37GHBIfrVkEVyn+AXyIa5dOTfb4/xNvRWV+Vv/NMbNCtODB/pO7vLlF2OTmMVLhmr7Ag==",
      "dependencies": [
        "playwright"
      ],
      "bin": true
    },
    "@types/node@25.6.2": {
      "integrity": "sha512-sokuT28dxf9JT5Kady1fsXOvI4HVpjZa95NKT5y9PNTIrs2AsobR4GFAA90ZG8M+nxVRLysCXsVj6eGC7Vbrlw==",
      "dependencies": [
        "undici-types"
      ]
    },
    "@types/pg-cursor@2.7.2": {
      "integrity": "sha512-m3xT8bVFCvx98LuzbvXyuCdT/Hjdd/v8ml4jL4K1QF70Y8clOfCFdgoaEB1FWdcSwcpoFYZTJQaMD9/GQ27efQ==",
      "dependencies": [
        "@types/node",
        "@types/pg"
      ]
    },
    "@types/pg@8.20.0": {
      "integrity": "sha512-bEPFOaMAHTEP1EzpvHTbmwR8UsFyHSKsRisLIHVMXnpNefSbGA1bD6CVy+qKjGSqmZqNqBDV2azOBo8TgkcVow==",
      "dependencies": [
        "@types/node",
        "pg-protocol",
        "pg-types"
      ]
    },
    "fsevents@2.3.2": {
      "integrity": "sha512-xiqMQR4xAeHTuB9uWm+fFRcIOgKBMiOBP+eXiyT7jsgVCq1bkVygt00oASowB7EdtpOHaaPgKt812P9ab+DDKA==",
      "os": ["darwin"],
      "scripts": true
    },
    "pg-cloudflare@1.4.0": {
      "integrity": "sha512-Vo7z/6rrQYxpNRylp4Tlob2elzbh+N/MOQbxFVWCxS7oEx6jF53GTJFxK2WWpKuBRkmiin4Mt+xofFDjx09R0A=="
    },
    "pg-connection-string@2.13.0": {
      "integrity": "sha512-EMnU9E2fSULdsbErBbMaXJvFeD9B4+nPcM3f+4lsiCR0BHLPrLVjv3DbyM2hgQQviKJaTWIRRTjKjWlHg3p2ig=="
    },
    "pg-cursor@2.19.0_pg@8.21.0": {
      "integrity": "sha512-J5cF1MUz7LRJ9emOqF/06QjabMHMZy587rSPF0UuA8rCwKeeYl2co8Pp+6k5UU9YrAYHMzWkLxilfZB0hqsWWw==",
      "dependencies": [
        "pg"
      ]
    },
    "pg-int8@1.0.1": {
      "integrity": "sha512-WCtabS6t3c8SkpDBUlb1kjOs7l66xsGdKpIPZsg4wR+B3+u9UAum2odSsF9tnvxg80h4ZxLWMy4pRjOsFIqQpw=="
    },
    "pg-pool@3.14.0_pg@8.21.0": {
      "integrity": "sha512-gKtPkFdQPU3DksooVLi9LsjZxrsBUZIpa+7aVx+LV5pNh0KzP4Zleud2po+ConrxbuXGBJ6Hfer6hdgpIBpBaw==",
      "dependencies": [
        "pg"
      ]
    },
    "pg-protocol@1.14.0": {
      "integrity": "sha512-n5taZ1kO3s9ngDTVxsEznOqCyToTgz0FLuPq0B33COy5pPpuWJpY3/2oRBVETuOgzdqRXfWpM9HIhp2LBBT1BA=="
    },
    "pg-types@2.2.0": {
      "integrity": "sha512-qTAAlrEsl8s4OiEQY69wDvcMIdQN6wdz5ojQiOy6YRMuynxenON0O5oCpJI6lshc6scgAY8qvJ2On/p+CXY0GA==",
      "dependencies": [
        "pg-int8",
        "postgres-array",
        "postgres-bytea",
        "postgres-date",
        "postgres-interval"
      ]
    },
    "pg@8.21.0": {
      "integrity": "sha512-AUP1EYJuHraQGsVoCQVIcM7TEJVGtDzxWtGFZd8rds9d+CCXlU5Js1rYgfLNvxy9iJrpHjGrRjoi/3BT9fRyiA==",
      "dependencies": [
        "pg-connection-string",
        "pg-pool",
        "pg-protocol",
        "pg-types",
        "pgpass"
      ],
      "optionalDependencies": [
        "pg-cloudflare"
      ]
    },
    "pgpass@1.0.5": {
      "integrity": "sha512-FdW9r/jQZhSeohs1Z3sI1yxFQNFvMcnmfuj4WBMUTxOrAyLMaTcE1aAMBiTlbMNaXvBCQuVi0R7hd8udDSP7ug==",
      "dependencies": [
        "split2"
      ]
    },
    "playwright-core@1.60.0": {
      "integrity": "sha512-9bW6zvX/m0lEbgTKJ6YppOKx8H3VOPBMOCFh2irXFOT4BbHgrx5hPjwJYLT40Lu+4qtD36qKc/Hn56StUW57IA==",
      "bin": true
    },
    "playwright@1.60.0": {
      "integrity": "sha512-hheHdokM8cdqCb0lcE3s+zT4t4W+vvjpGxsZlDnikarzx8tSzMebh3UiFtgqwFwnTnjYQcsyMF8ei2mCO/tpeA==",
      "dependencies": [
        "playwright-core"
      ],
      "optionalDependencies": [
        "fsevents"
      ],
      "bin": true
    },
    "postgres-array@2.0.0": {
      "integrity": "sha512-VpZrUqU5A69eQyW2c5CA1jtLecCsN2U/bD6VilrFDWq5+5UIEVO7nazS3TEcHf1zuPYO/sqGvUvW62g86RXZuA=="
    },
    "postgres-bytea@1.0.1": {
      "integrity": "sha512-5+5HqXnsZPE65IJZSMkZtURARZelel2oXUEO8rH83VS/hxH5vv1uHquPg5wZs8yMAfdv971IU+kcPUczi7NVBQ=="
    },
    "postgres-date@1.0.7": {
      "integrity": "sha512-suDmjLVQg78nMK2UZ454hAG+OAW+HQPZ6n++TNDUX+L0+uUlLywnoxJKDou51Zm+zTCjrCl0Nq6J9C5hP9vK/Q=="
    },
    "postgres-interval@1.2.0": {
      "integrity": "sha512-9ZhXKM/rw350N1ovuWHbGxnGh/SNJ4cnxHiM0rxE4VN41wsg8P8zWn9hv/buK00RP4WvlOyr/RBDiptyxVbkZQ==",
      "dependencies": [
        "xtend"
      ]
    },
    "split2@4.2.0": {
      "integrity": "sha512-UcjcJOWknrNkF6PLX83qcHM6KHgVKNkV62Y8a5uYDVv9ydGQVwAHMKqHdJje1VTWpljG0WYpCDhrCdAOYH4TWg=="
    },
    "undici-types@7.19.2": {
      "integrity": "sha512-qYVnV5OEm2AW8cJMCpdV20CDyaN3g0AjDlOGf1OW4iaDEx8MwdtChUp4zu4H0VP3nDRF/8RKWH+IPp9uW0YGZg=="
    },
    "xtend@4.0.2": {
      "integrity": "sha512-LKYU1iAXJXUgAXn9URjiu+MWhyUXHsvfp7mcuYm9dSUKK0/CjtrUwFAxD82/mCWbtLsGjFIad0wIsod4zrTAEQ=="
    }
  },
  "workspace": {
    "dependencies": [
      "jsr:@ijia/account-dto@^0.0.0"
    ],
    "packageJson": {
      "dependencies": [
        "npm:@jsr/asla__hofetch@^0.0.2",
        "npm:@jsr/asla__pg@~0.2.4",
        "npm:@jsr/asla__yoursql@~0.13.1",
        "npm:@jsr/ijia__school-db@^0.0.4",
        "npm:@playwright/test@^1.55.0"
      ]
    },
    "links": {
      "jsr:@ijia/account-dto@0.0.0": {}
    }
  }
}
